
Microsoft Visual Studio Solution File, Format Version 12.00
# Visual Studio Version 17
VisualStudioVersion = 17.10.35027.167
MinimumVisualStudioVersion = 10.0.40219.1
Project("{FAE04EC0-301F-11D3-BF4B-00C04F79EFBC}") = "MightThinkTwice", "MightThinkTwice\MightThinkTwice.csproj", "{08BCEFF5-7AC5-4580-A854-C140774BC6A0}"
EndProject
Global
	GlobalSection(SolutionConfigurationPlatforms) = preSolution
		Debug|Any CPU = Debug|Any CPU
		Release|Any CPU = Release|Any CPU
	EndGlobalSection
	GlobalSection(ProjectConfigurationPlatforms) = postSolution
		{08BCEFF5-7AC5-4580-A854-C140774BC6A0}.Debug|Any CPU.ActiveCfg = Debug|Any CPU
		{08BCEFF5-7AC5-4580-A854-C140774BC6A0}.Debug|Any CPU.Build.0 = Debug|Any CPU
		{08BCEFF5-7AC5-4580-A854-C140774BC6A0}.Release|Any CPU.ActiveCfg = Release|Any CPU
		{08BCEFF5-7AC5-4580-A854-C140774BC6A0}.Release|Any CPU.Build.0 = Release|Any CPU
	EndGlobalSection
	GlobalSection(SolutionProperties) = preSolution
		HideSolutionNode = FALSE
	EndGlobalSection
	GlobalSection(ExtensibilityGlobals) = postSolution
		SolutionGuid = {7336530E-4900-410B-A3C5-82AAE4B5AAB3}
	EndGlobalSection
EndGlobal
